
Microsoft Visual Studio Solution File, Format Version 12.00
# Visual Studio 15
VisualStudioVersion = 15.0.27004.2005
MinimumVisualStudioVersion = 10.0.40219.1
Project("{FAE04EC0-301F-11D3-BF4B-00C04F79EFBC}") = "KinoOpolwood", "KinoOpolwood\KinoOpolwood.csproj", "{9C9E12E1-8812-452B-B3AF-AD77C4E932E7}"
EndProject
Global
	GlobalSection(SolutionConfigurationPlatforms) = preSolution
		Debug|Any CPU = Debug|Any CPU
		Release|Any CPU = Release|Any CPU
	EndGlobalSection
	GlobalSection(ProjectConfigurationPlatforms) = postSolution
		{9C9E12E1-8812-452B-B3AF-AD77C4E932E7}.Debug|Any CPU.ActiveCfg = Debug|Any CPU
		{9C9E12E1-8812-452B-B3AF-AD77C4E932E7}.Debug|Any CPU.Build.0 = Debug|Any CPU
		{9C9E12E1-8812-452B-B3AF-AD77C4E932E7}.Release|Any CPU.ActiveCfg = Release|Any CPU
		{9C9E12E1-8812-452B-B3AF-AD77C4E932E7}.Release|Any CPU.Build.0 = Release|Any CPU
	EndGlobalSection
	GlobalSection(SolutionProperties) = preSolution
		HideSolutionNode = FALSE
	EndGlobalSection
	GlobalSection(ExtensibilityGlobals) = postSolution
		SolutionGuid = {96FF89AC-81C7-40BD-AEC1-85B718470DC9}
	EndGlobalSection
EndGlobal
